
Microsoft Visual Studio Solution File, Format Version 12.00
# Visual Studio 15
VisualStudioVersion = 15.0.27004.2002
MinimumVisualStudioVersion = 10.0.40219.1
Project("{FAE04EC0-301F-11D3-BF4B-00C04F79EFBC}") = "RusEnginersDb_CLIENT", "RusEnginersDb_CLIENT\RusEnginersDb_CLIENT.csproj", "{5559D8E5-5A43-47F7-AD27-AD32C347A5F3}"
EndProject
Project("{D954291E-2A0B-460D-934E-DC6B0785DB48}") = "RusEnginersDb_SHARED", "RusEnginersDb_SHARED\RusEnginersDb_SHARED.сhproj", "{F7FA19D1-1AE0-4730-954F-FE620CB5FF42}"
EndProject
Project("{FAE04EC0-301F-11D3-BF4B-00C04F79EFBC}") = "RusEnginersDb_SERVER", "RusEnginersDb_SERVER\RusEnginersDb_SERVER.csproj", "{22BB4D4B-7FBA-4AB0-B44D-80A0D5B95EC1}"
EndProject
Global
	GlobalSection(SharedMSBuildProjectFiles) = preSolution
		RusEnginersDb_SHARED\RusEnginersDb_SHARED.projitems*{22bb4d4b-7fba-4ab0-b44d-80a0d5b95ec1}*SharedItemsImports = 4
		RusEnginersDb_SHARED\RusEnginersDb_SHARED.projitems*{5559d8e5-5a43-47f7-ad27-ad32c347a5f3}*SharedItemsImports = 4
		RusEnginersDb_SHARED\RusEnginersDb_SHARED.projitems*{f7fa19d1-1ae0-4730-954f-fe620cb5ff42}*SharedItemsImports = 13
	EndGlobalSection
	GlobalSection(SolutionConfigurationPlatforms) = preSolution
		Debug|Any CPU = Debug|Any CPU
		Release|Any CPU = Release|Any CPU
	EndGlobalSection
	GlobalSection(ProjectConfigurationPlatforms) = postSolution
		{5559D8E5-5A43-47F7-AD27-AD32C347A5F3}.Debug|Any CPU.ActiveCfg = Debug|Any CPU
		{5559D8E5-5A43-47F7-AD27-AD32C347A5F3}.Debug|Any CPU.Build.0 = Debug|Any CPU
		{5559D8E5-5A43-47F7-AD27-AD32C347A5F3}.Release|Any CPU.ActiveCfg = Release|Any CPU
		{5559D8E5-5A43-47F7-AD27-AD32C347A5F3}.Release|Any CPU.Build.0 = Release|Any CPU
		{22BB4D4B-7FBA-4AB0-B44D-80A0D5B95EC1}.Debug|Any CPU.ActiveCfg = Debug|Any CPU
		{22BB4D4B-7FBA-4AB0-B44D-80A0D5B95EC1}.Debug|Any CPU.Build.0 = Debug|Any CPU
		{22BB4D4B-7FBA-4AB0-B44D-80A0D5B95EC1}.Release|Any CPU.ActiveCfg = Release|Any CPU
		{22BB4D4B-7FBA-4AB0-B44D-80A0D5B95EC1}.Release|Any CPU.Build.0 = Release|Any CPU
	EndGlobalSection
	GlobalSection(SolutionProperties) = preSolution
		HideSolutionNode = FALSE
	EndGlobalSection
	GlobalSection(ExtensibilityGlobals) = postSolution
		SolutionGuid = {89A1B7F8-A4E3-4743-9437-A87C8E8C59BB}
	EndGlobalSection
EndGlobal
